// !$*UTF8*$!
{
	archiveVersion = 1;
	classes = {
	};
	objectVersion = 46;
	objects = {

/* Begin PBXBuildFile section */
		4B540D221D79CD980080E5BA /* AppDelegate.swift in Sources */ = {isa = PBXBuildFile; fileRef = 4B540D211D79CD980080E5BA /* AppDelegate.swift */; };
		4B540D241D79CD980080E5BA /* ViewController.swift in Sources */ = {isa = PBXBuildFile; fileRef = 4B540D231D79CD980080E5BA /* ViewController.swift */; };
		4B540D271D79CD980080E5BA /* Main.storyboard in Resources */ = {isa = PBXBuildFile; fileRef = 4B540D251D79CD980080E5BA /* Main.storyboard */; };
		4B540D291D79CD980080E5BA /* Assets.xcassets in Resources */ = {isa = PBXBuildFile; fileRef = 4B540D281D79CD980080E5BA /* Assets.xcassets */; };
		4B540D2C1D79CD980080E5BA /* LaunchScreen.storyboard in Resources */ = {isa = PBXBuildFile; fileRef = 4B540D2A1D79CD980080E5BA /* LaunchScreen.storyboard */; };
		4B540D371D79CD980080E5BA /* NotificationManagerTests.swift in Sources */ = {isa = PBXBuildFile; fileRef = 4B540D361D79CD980080E5BA /* NotificationManagerTests.swift */; };
		4B540D421D79CDBE0080E5BA /* FunkyNotificationManager.swift in Sources */ = {isa = PBXBuildFile; fileRef = 4B540D411D79CDBE0080E5BA /* FunkyNotificationManager.swift */; };
/* End PBXBuildFile section */

/* Begin PBXContainerItemProxy section */
		4B540D331D79CD980080E5BA /* PBXContainerItemProxy */ = {
			isa = PBXContainerItemProxy;
			containerPortal = 4B540D161D79CD980080E5BA /* Project object */;
			proxyType = 1;
			remoteGlobalIDString = 4B540D1D1D79CD980080E5BA;
			remoteInfo = NotificationManager;
		};
/* End PBXContainerItemProxy section */

/* Begin PBXFileReference section */
		4B540D1E1D79CD980080E5BA /* NotificationManager.app */ = {isa = PBXFileReference; explicitFileType = wrapper.application; includeInIndex = 0; path = NotificationManager.app; sourceTree = BUILT_PRODUCTS_DIR; };
		4B540D211D79CD980080E5BA /* AppDelegate.swift */ = {isa = PBXFileReference; lastKnownFileType = sourcecode.swift; path = AppDelegate.swift; sourceTree = "<group>"; };
		4B540D231D79CD980080E5BA /* ViewController.swift */ = {isa = PBXFileReference; lastKnownFileType = sourcecode.swift; path = ViewController.swift; sourceTree = "<group>"; };
		4B540D261D79CD980080E5BA /* Base */ = {isa = PBXFileReference; lastKnownFileType = file.storyboard; name = Base; path = Base.lproj/Main.storyboard; sourceTree = "<group>"; };
		4B540D281D79CD980080E5BA /* Assets.xcassets */ = {isa = PBXFileReference; lastKnownFileType = folder.assetcatalog; path = Assets.xcassets; sourceTree = "<group>"; };
		4B540D2B1D79CD980080E5BA /* Base */ = {isa = PBXFileReference; lastKnownFileType = file.storyboard; name = Base; path = Base.lproj/LaunchScreen.storyboard; sourceTree = "<group>"; };
		4B540D2D1D79CD980080E5BA /* Info.plist */ = {isa = PBXFileReference; lastKnownFileType = text.plist.xml; path = Info.plist; sourceTree = "<group>"; };
		4B540D321D79CD980080E5BA /* NotificationManagerTests.xctest */ = {isa = PBXFileReference; explicitFileType = wrapper.cfbundle; includeInIndex = 0; path = NotificationManagerTests.xctest; sourceTree = BUILT_PRODUCTS_DIR; };
		4B540D361D79CD980080E5BA /* NotificationManagerTests.swift */ = {isa = PBXFileReference; lastKnownFileType = sourcecode.swift; path = NotificationManagerTests.swift; sourceTree = "<group>"; };
		4B540D381D79CD980080E5BA /* Info.plist */ = {isa = PBXFileReference; lastKnownFileType = text.plist.xml; path = Info.plist; sourceTree = "<group>"; };
		4B540D411D79CDBE0080E5BA /* FunkyNotificationManager.swift */ = {isa = PBXFileReference; fileEncoding = 4; lastKnownFileType = sourcecode.swift; path = FunkyNotificationManager.swift; sourceTree = "<group>"; };
/* End PBXFileReference section */

/* Begin PBXFrameworksBuildPhase section */
		4B540D1B1D79CD980080E5BA /* Frameworks */ = {
			isa = PBXFrameworksBuildPhase;
			buildActionMask = 2147483647;
			files = (
			);
			runOnlyForDeploymentPostprocessing = 0;
		};
		4B540D2F1D79CD980080E5BA /* Frameworks */ = {
			isa = PBXFrameworksBuildPhase;
			buildActionMask = 2147483647;
			files = (
			);
			runOnlyForDeploymentPostprocessing = 0;
		};
/* End PBXFrameworksBuildPhase section */

/* Begin PBXGroup section */
		4B540D151D79CD980080E5BA = {
			isa = PBXGroup;
			children = (
				4B540D201D79CD980080E5BA /* NotificationManager */,
				4B540D351D79CD980080E5BA /* NotificationManagerTests */,
				4B540D1F1D79CD980080E5BA /* Products */,
			);
			sourceTree = "<group>";
		};
		4B540D1F1D79CD980080E5BA /* Products */ = {
			isa = PBXGroup;
			children = (
				4B540D1E1D79CD980080E5BA /* NotificationManager.app */,
				4B540D321D79CD980080E5BA /* NotificationManagerTests.xctest */,
			);
			name = Products;
			sourceTree = "<group>";
		};
		4B540D201D79CD980080E5BA /* NotificationManager */ = {
			isa = PBXGroup;
			children = (
				4B540D211D79CD980080E5BA /* AppDelegate.swift */,
				4B540D231D79CD980080E5BA /* ViewController.swift */,
				4B540D411D79CDBE0080E5BA /* FunkyNotificationManager.swift */,
				4B540D251D79CD980080E5BA /* Main.storyboard */,
				4B540D281D79CD980080E5BA /* Assets.xcassets */,
				4B540D2A1D79CD980080E5BA /* LaunchScreen.storyboard */,
				4B540D2D1D79CD980080E5BA /* Info.plist */,
			);
			path = NotificationManager;
			sourceTree = "<group>";
		};
		4B540D351D79CD980080E5BA /* NotificationManagerTests */ = {
			isa = PBXGroup;
			children = (
				4B540D361D79CD980080E5BA /* NotificationManagerTests.swift */,
				4B540D381D79CD980080E5BA /* Info.plist */,
			);
			path = NotificationManagerTests;
			sourceTree = "<group>";
		};
/* End PBXGroup section */

/* Begin PBXNativeTarget section */
		4B540D1D1D79CD980080E5BA /* NotificationManager */ = {
			isa = PBXNativeTarget;
			buildConfigurationList = 4B540D3B1D79CD980080E5BA /* Build configuration list for PBXNativeTarget "NotificationManager" */;
			buildPhases = (
				4B540D1A1D79CD980080E5BA /* Sources */,
				4B540D1B1D79CD980080E5BA /* Frameworks */,
				4B540D1C1D79CD980080E5BA /* Resources */,
			);
			buildRules = (
			);
			dependencies = (
			);
			name = NotificationManager;
			productName = NotificationManager;
			productReference = 4B540D1E1D79CD980080E5BA /* NotificationManager.app */;
			productType = "com.apple.product-type.application";
		};
		4B540D311D79CD980080E5BA /* NotificationManagerTests */ = {
			isa = PBXNativeTarget;
			buildConfigurationList = 4B540D3E1D79CD980080E5BA /* Build configuration list for PBXNativeTarget "NotificationManagerTests" */;
			buildPhases = (
				4B540D2E1D79CD980080E5BA /* Sources */,
				4B540D2F1D79CD980080E5BA /* Frameworks */,
				4B540D301D79CD980080E5BA /* Resources */,
			);
			buildRules = (
			);
			dependencies = (
				4B540D341D79CD980080E5BA /* PBXTargetDependency */,
			);
			name = NotificationManagerTests;
			productName = NotificationManagerTests;
			productReference = 4B540D321D79CD980080E5BA /* NotificationManagerTests.xctest */;
			productType = "com.apple.product-type.bundle.unit-test";
		};
/* End PBXNativeTarget section */

/* Begin PBXProject section */
		4B540D161D79CD980080E5BA /* Project object */ = {
			isa = PBXProject;
			attributes = {
				LastSwiftUpdateCheck = 0720;
				LastUpgradeCheck = 0720;
				ORGANIZATIONNAME = "Piyush Sharma";
				TargetAttributes = {
					4B540D1D1D79CD980080E5BA = {
						CreatedOnToolsVersion = 7.2.1;
					};
					4B540D311D79CD980080E5BA = {
						CreatedOnToolsVersion = 7.2.1;
						TestTargetID = 4B540D1D1D79CD980080E5BA;
					};
				};
			};
			buildConfigurationList = 4B540D191D79CD980080E5BA /* Build configuration list for PBXProject "NotificationManager" */;
			compatibilityVersion = "Xcode 3.2";
			developmentRegion = English;
			hasScannedForEncodings = 0;
			knownRegions = (
				en,
				Base,
			);
			mainGroup = 4B540D151D79CD980080E5BA;
			productRefGroup = 4B540D1F1D79CD980080E5BA /* Products */;
			projectDirPath = "";
			projectRoot = "";
			targets = (
				4B540D1D1D79CD980080E5BA /* NotificationManager */,
				4B540D311D79CD980080E5BA /* NotificationManagerTests */,
			);
		};
/* End PBXProject section */

/* Begin PBXResourcesBuildPhase section */
		4B540D1C1D79CD980080E5BA /* Resources */ = {
			isa = PBXResourcesBuildPhase;
			buildActionMask = 2147483647;
			files = (
				4B540D2C1D79CD980080E5BA /* LaunchScreen.storyboard in Resources */,
				4B540D291D79CD980080E5BA /* Assets.xcassets in Resources */,
				4B540D271D79CD980080E5BA /* Main.storyboard in Resources */,
			);
			runOnlyForDeploymentPostprocessing = 0;
		};
		4B540D301D79CD980080E5BA /* Resources */ = {
			isa = PBXResourcesBuildPhase;
			buildActionMask = 2147483647;
			files = (
			);
			runOnlyForDeploymentPostprocessing = 0;
		};
/* End PBXResourcesBuildPhase section */

/* Begin PBXSourcesBuildPhase section */
		4B540D1A1D79CD980080E5BA /* Sources */ = {
			isa = PBXSourcesBuildPhase;
			buildActionMask = 2147483647;
			files = (
				4B540D241D79CD980080E5BA /* ViewController.swift in Sources */,
				4B540D221D79CD980080E5BA /* AppDelegate.swift in Sources */,
				4B540D421D79CDBE0080E5BA /* FunkyNotificationManager.swift in Sources */,
			);
			runOnlyForDeploymentPostprocessing = 0;
		};
		4B540D2E1D79CD980080E5BA /* Sources */ = {
			isa = PBXSourcesBuildPhase;
			buildActionMask = 2147483647;
			files = (
				4B540D371D79CD980080E5BA /* NotificationManagerTests.swift in Sources */,
			);
			runOnlyForDeploymentPostprocessing = 0;
		};
/* End PBXSourcesBuildPhase section */

/* Begin PBXTargetDependency section */
		4B540D341D79CD980080E5BA /* PBXTargetDependency */ = {
			isa = PBXTargetDependency;
			target = 4B540D1D1D79CD980080E5BA /* NotificationManager */;
			targetProxy = 4B540D331D79CD980080E5BA /* PBXContainerItemProxy */;
		};
/* End PBXTargetDependency section */

/* Begin PBXVariantGroup section */
		4B540D251D79CD980080E5BA /* Main.storyboard */ = {
			isa = PBXVariantGroup;
			children = (
				4B540D261D79CD980080E5BA /* Base */,
			);
			name = Main.storyboard;
			sourceTree = "<group>";
		};
		4B540D2A1D79CD980080E5BA /* LaunchScreen.storyboard */ = {
			isa = PBXVariantGroup;
			children = (
				4B540D2B1D79CD980080E5BA /* Base */,
			);
			name = LaunchScreen.storyboard;
			sourceTree = "<group>";
		};
/* End PBXVariantGroup section */

/* Begin XCBuildConfiguration section */
		4B540D391D79CD980080E5BA /* Debug */ = {
			isa = XCBuildConfiguration;
			buildSettings = {
				ALWAYS_SEARCH_USER_PATHS = NO;
				CLANG_CXX_LANGUAGE_STANDARD = "gnu++0x";
				CLANG_CXX_LIBRARY = "libc++";
				CLANG_ENABLE_MODULES = YES;
				CLANG_ENABLE_OBJC_ARC = YES;
				CLANG_WARN_BOOL_CONVERSION = YES;
				CLANG_WARN_CONSTANT_CONVERSION = YES;
				CLANG_WARN_DIRECT_OBJC_ISA_USAGE = YES_ERROR;
				CLANG_WARN_EMPTY_BODY = YES;
				CLANG_WARN_ENUM_CONVERSION = YES;
				CLANG_WARN_INT_CONVERSION = YES;
				CLANG_WARN_OBJC_ROOT_CLASS = YES_ERROR;
				CLANG_WARN_UNREACHABLE_CODE = YES;
				CLANG_WARN__DUPLICATE_METHOD_MATCH = YES;
				"CODE_SIGN_IDENTITY[sdk=iphoneos*]" = "iPhone Developer";
				COPY_PHASE_STRIP = NO;
				DEBUG_INFORMATION_FORMAT = dwarf;
				ENABLE_STRICT_OBJC_MSGSEND = YES;
				ENABLE_TESTABILITY = YES;
				GCC_C_LANGUAGE_STANDARD = gnu99;
				GCC_DYNAMIC_NO_PIC = NO;
				GCC_NO_COMMON_BLOCKS = YES;
				GCC_OPTIMIZATION_LEVEL = 0;
				GCC_PREPROCESSOR_DEFINITIONS = (
					"DEBUG=1",
					"$(inherited)",
				);
				GCC_WARN_64_TO_32_BIT_CONVERSION = YES;
				GCC_WARN_ABOUT_RETURN_TYPE = YES_ERROR;
				GCC_WARN_UNDECLARED_SELECTOR = YES;
				GCC_WARN_UNINITIALIZED_AUTOS = YES_AGGRESSIVE;
				GCC_WARN_UNUSED_FUNCTION = YES;
				GCC_WARN_UNUSED_VARIABLE = YES;
				IPHONEOS_DEPLOYMENT_TARGET = 9.2;
				MTL_ENABLE_DEBUG_INFO = YES;
				ONLY_ACTIVE_ARCH = YES;
				SDKROOT = iphoneos;
				SWIFT_OPTIMIZATION_LEVEL = "-Onone";
				TARGETED_DEVICE_FAMILY = "1,2";
			};
			name = Debug;
		};
		4B540D3A1D79CD980080E5BA /* Release */ = {
			isa = XCBuildConfiguration;
			buildSettings = {
				ALWAYS_SEARCH_USER_PATHS = NO;
				CLANG_CXX_LANGUAGE_STANDARD = "gnu++0x";
				CLANG_CXX_LIBRARY = "libc++";
				CLANG_ENABLE_MODULES = YES;
				CLANG_ENABLE_OBJC_ARC = YES;
				CLANG_WARN_BOOL_CONVERSION = YES;
				CLANG_WARN_CONSTANT_CONVERSION = YES;
				CLANG_WARN_DIRECT_OBJC_ISA_USAGE = YES_ERROR;
				CLANG_WARN_EMPTY_BODY = YES;
				CLANG_WARN_ENUM_CONVERSION = YES;
				CLANG_WARN_INT_CONVERSION = YES;
				CLANG_WARN_OBJC_ROOT_CLASS = YES_ERROR;
				CLANG_WARN_UNREACHABLE_CODE = YES;
				CLANG_WARN__DUPLICATE_METHOD_MATCH = YES;
				"CODE_SIGN_IDENTITY[sdk=iphoneos*]" = "iPhone Developer";
				COPY_PHASE_STRIP = NO;
				DEBUG_INFORMATION_FORMAT = "dwarf-with-dsym";
				ENABLE_NS_ASSERTIONS = NO;
				ENABLE_STRICT_OBJC_MSGSEND = YES;
				GCC_C_LANGUAGE_STANDARD = gnu99;
				GCC_NO_COMMON_BLOCKS = YES;
				GCC_WARN_64_TO_32_BIT_CONVERSION = YES;
				GCC_WARN_ABOUT_RETURN_TYPE = YES_ERROR;
				GCC_WARN_UNDECLARED_SELECTOR = YES;
				GCC_WARN_UNINITIALIZED_AUTOS = YES_AGGRESSIVE;
				GCC_WARN_UNUSED_FUNCTION = YES;
				GCC_WARN_UNUSED_VARIABLE = YES;
				IPHONEOS_DEPLOYMENT_TARGET = 9.2;
				MTL_ENABLE_DEBUG_INFO = NO;
				SDKROOT = iphoneos;
				TARGETED_DEVICE_FAMILY = "1,2";
				VALIDATE_PRODUCT = YES;
			};
			name = Release;
		};
		4B540D3C1D79CD980080E5BA /* Debug */ = {
			isa = XCBuildConfiguration;
			buildSettings = {
				ASSETCATALOG_COMPILER_APPICON_NAME = AppIcon;
				INFOPLIST_FILE = NotificationManager/Info.plist;
				LD_RUNPATH_SEARCH_PATHS = "$(inherited) @executable_path/Frameworks";
				PRODUCT_BUNDLE_IDENTIFIER = com.piyush.NotificationManager;
				PRODUCT_NAME = "$(TARGET_NAME)";
			};
			name = Debug;
		};
		4B540D3D1D79CD980080E5BA /* Release */ = {
			isa = XCBuildConfiguration;
			buildSettings = {
				ASSETCATALOG_COMPILER_APPICON_NAME = AppIcon;
				INFOPLIST_FILE = NotificationManager/Info.plist;
				LD_RUNPATH_SEARCH_PATHS = "$(inherited) @executable_path/Frameworks";
				PRODUCT_BUNDLE_IDENTIFIER = com.piyush.NotificationManager;
				PRODUCT_NAME = "$(TARGET_NAME)";
			};
			name = Release;
		};
		4B540D3F1D79CD980080E5BA /* Debug */ = {
			isa = XCBuildConfiguration;
			buildSettings = {
				BUNDLE_LOADER = "$(TEST_HOST)";
				INFOPLIST_FILE = NotificationManagerTests/Info.plist;
				LD_RUNPATH_SEARCH_PATHS = "$(inherited) @executable_path/Frameworks @loader_path/Frameworks";
				PRODUCT_BUNDLE_IDENTIFIER = com.piyush.NotificationManagerTests;
				PRODUCT_NAME = "$(TARGET_NAME)";
				TEST_HOST = "$(BUILT_PRODUCTS_DIR)/NotificationManager.app/NotificationManager";
			};
			name = Debug;
		};
		4B540D401D79CD980080E5BA /* Release */ = {
			isa = XCBuildConfiguration;
			buildSettings = {
				BUNDLE_LOADER = "$(TEST_HOST)";
				INFOPLIST_FILE = NotificationManagerTests/Info.plist;
				LD_RUNPATH_SEARCH_PATHS = "$(inherited) @executable_path/Frameworks @loader_path/Frameworks";
				PRODUCT_BUNDLE_IDENTIFIER = com.piyush.NotificationManagerTests;
				PRODUCT_NAME = "$(TARGET_NAME)";
				TEST_HOST = "$(BUILT_PRODUCTS_DIR)/NotificationManager.app/NotificationManager";
			};
			name = Release;
		};
/* End XCBuildConfiguration section */

/* Begin XCConfigurationList section */
		4B540D191D79CD980080E5BA /* Build configuration list for PBXProject "NotificationManager" */ = {
			isa = XCConfigurationList;
			buildConfigurations = (
				4B540D391D79CD980080E5BA /* Debug */,
				4B540D3A1D79CD980080E5BA /* Release */,
			);
			defaultConfigurationIsVisible = 0;
			defaultConfigurationName = Release;
		};
		4B540D3B1D79CD980080E5BA /* Build configuration list for PBXNativeTarget "NotificationManager" */ = {
			isa = XCConfigurationList;
			buildConfigurations = (
				4B540D3C1D79CD980080E5BA /* Debug */,
				4B540D3D1D79CD980080E5BA /* Release */,
			);
			defaultConfigurationIsVisible = 0;
		};
		4B540D3E1D79CD980080E5BA /* Build configuration list for PBXNativeTarget "NotificationManagerTests" */ = {
			isa = XCConfigurationList;
			buildConfigurations = (
				4B540D3F1D79CD980080E5BA /* Debug */,
				4B540D401D79CD980080E5BA /* Release */,
			);
			defaultConfigurationIsVisible = 0;
		};
/* End XCConfigurationList section */
	};
	rootObject = 4B540D161D79CD980080E5BA /* Project object */;
}
